{
	"name": "tree-sitter-kotlin",
	"version": "0.2.6",
	"lockfileVersion": 2,
	"requires": true,
	"packages": {
		"": {
			"version": "0.2.6",
			"hasInstallScript": true,
			"license": "MIT",
			"dependencies": {
				"nan": "^2.12.1"
			},
			"devDependencies": {
				"tree-sitter-cli": "^0.19.2"
			}
		},
		"node_modules/nan": {
			"version": "2.14.0",
			"resolved": "https://registry.npmjs.org/nan/-/nan-2.14.0.tgz",
			"integrity": "sha512-INOFj37C7k3AfaNTtX8RhsTw7qRy7eLET14cROi9+5HAVbbHuIWUHEauBv5qT4Av2tWasiTY1Jw6puUNqRJXQg=="
		},
		"node_modules/tree-sitter-cli": {
			"version": "0.19.3",
			"resolved": "https://repo.intra.eika.no/api/npm/npm-repo/tree-sitter-cli/-/tree-sitter-cli-0.19.3.tgz",
			"integrity": "sha1-eGgWZ6tWXOe6iLP77eE0NHavwUk=",
			"dev": true,
			"hasInstallScript": true,
			"license": "MIT",
			"bin": {
				"tree-sitter": "cli.js"
			}
		}
	},
	"dependencies": {
		"nan": {
			"version": "2.14.0",
			"resolved": "https://registry.npmjs.org/nan/-/nan-2.14.0.tgz",
			"integrity": "sha512-INOFj37C7k3AfaNTtX8RhsTw7qRy7eLET14cROi9+5HAVbbHuIWUHEauBv5qT4Av2tWasiTY1Jw6puUNqRJXQg=="
		},
		"tree-sitter-cli": {
			"version": "0.19.3",
			"resolved": "https://repo.intra.eika.no/api/npm/npm-repo/tree-sitter-cli/-/tree-sitter-cli-0.19.3.tgz",
			"integrity": "sha1-eGgWZ6tWXOe6iLP77eE0NHavwUk=",
			"dev": true
		}
	}
}
