{
	"name": "tree-sitter-kotlin",
	"version": "0.2.5",
	"lockfileVersion": 1,
	"requires": true,
	"dependencies": {
		"nan": {
			"version": "2.14.0",
			"resolved": "https://registry.npmjs.org/nan/-/nan-2.14.0.tgz",
			"integrity": "sha512-INOFj37C7k3AfaNTtX8RhsTw7qRy7eLET14cROi9+5HAVbbHuIWUHEauBv5qT4Av2tWasiTY1Jw6puUNqRJXQg=="
		},
		"tree-sitter-cli": {
			"version": "0.19.4",
			"resolved": "https://registry.npm.taobao.org/tree-sitter-cli/download/tree-sitter-cli-0.19.4.tgz",
			"integrity": "sha1-mbA/neG7Il2+iY/oO1owR4yDgSM=",
			"dev": true
		}
	}
}
