{
  "name": "tree-sitter-kotlin",
  "version": "0.2.5",
  "lockfileVersion": 3,
  "requires": true,
  "packages": {
    "": {
      "name": "tree-sitter-kotlin",
      "version": "0.2.5",
      "hasInstallScript": true,
      "license": "MIT",
      "dependencies": {
        "nan": "^2.12.1"
      },
      "devDependencies": {
        "tree-sitter-cli": "^0.19.4"
      }
    },
    "node_modules/nan": {
      "version": "2.14.0",
      "license": "MIT"
    },
    "node_modules/tree-sitter-cli": {
      "version": "0.19.5",
      "resolved": "https://registry.npmjs.org/tree-sitter-cli/-/tree-sitter-cli-0.19.5.tgz",
      "integrity": "sha512-kRzKrUAwpDN9AjA3b0tPBwT1hd8N2oQvvvHup2OEsX6mdsSMLmAvR+NSqK9fe05JrRbVvG8mbteNUQsxlMQohQ==",
      "dev": true,
      "hasInstallScript": true,
      "license": "MIT",
      "bin": {
        "tree-sitter": "cli.js"
      }
    }
  }
}
